{
  "version": 4,
  "terraform_version": "1.16.1",
  "serial": 76,
  "lineage": "d60c700e-1cfc-7e08-8a98-88e633bad581",
  "outputs": {
    "alb_dns_endpoint": {
      "value": "http://cache-lab-alb-970937961.us-east-1.elb.amazonaws.com",
      "type": "string"
    },
    "cloudwatch_log_group": {
      "value": "/aws/lambda/cache-lab-api",
      "type": "string"
    },
    "elasticache_endpoint": {
      "value": "cache-lab-redis.z29hra.0001.use1.cache.amazonaws.com:6379",
      "type": "string"
    },
    "lambda_function_details": {
      "value": {
        "arn": "arn:aws:lambda:us-east-1:706113607058:function:cache-lab-api",
        "handler": "handler.lambda_handler",
        "name": "cache-lab-api",
        "runtime": "python3.12"
      },
      "type": [
        "object",
        {
          "arn": "string",
          "handler": "string",
          "name": "string",
          "runtime": "string"
        }
      ]
    },
    "rds_endpoint": {
      "value": "cache-lab-postgres.cb8d99joles5.us-east-1.rds.amazonaws.com:5432",
      "type": "string"
    }
  },
  "resources": [
    {
      "mode": "data",
      "type": "archive_file",
      "name": "lambda",
      "provider": "provider[\"registry.terraform.io/hashicorp/archive\"]",
      "instances": [
        {
          "schema_version": 0,
          "attributes": {
            "exclude_symlink_directories": null,
            "excludes": null,
            "id": "0deb2bde4d5a9347b540e459b4e72286ed4cd28e",
            "output_base64sha256": "qmSowclpF8x0bFO2mNu2MMTPsxxKgrft5w9HrdyJh9s=",
            "output_base64sha512": "lhAA1aSjUI6UtqENqtPRU6HBMd0IAWvPb1fBzG4+ntuS0ZcUBbqxstIp04DOXRtni83QwZ3eFia16ksJ4r3flQ==",
            "output_file_mode": null,
            "output_md5": "424b6a6768d132aa0b483284f771e0bd",
            "output_path": "./lambda.zip",
            "output_sha": "0deb2bde4d5a9347b540e459b4e72286ed4cd28e",
            "output_sha256": "aa64a8c1c96917cc746c53b698dbb630c4cfb31c4a82b7ede70f47addc8987db",
            "output_sha512": "961000d5a4a3508e94b6a10daad3d153a1c131dd08016bcf6f57c1cc6e3e9edb92d1971405bab1b2d229d380ce5d1b678bcdd0c19dde1626b5ea4b09e2bddf95",
            "output_size": 3977955,
            "source": [],
            "source_content": null,
            "source_content_filename": null,
            "source_dir": "./lambda_build",
            "source_file": null,
            "type": "zip"
          },
          "sensitive_attributes": [],
          "identity_schema_version": 0
        }
      ]
    },
    {
      "mode": "data",
      "type": "aws_availability_zones",
      "name": "available",
      "provider": "provider[\"registry.terraform.io/hashicorp/aws\"]",
      "instances": [
        {
          "schema_version": 0,
          "attributes": {
            "all_availability_zones": null,
            "exclude_names": null,
            "exclude_zone_ids": null,
            "filter": null,
            "group_names": [
              "us-east-1-zg-1"
            ],
            "id": "us-east-1",
            "names": [
              "us-east-1a",
              "us-east-1b",
              "us-east-1c",
              "us-east-1d",
              "us-east-1e",
              "us-east-1f"
            ],
            "state": "available",
            "timeouts": null,
            "zone_ids": [
              "use1-az4",
              "use1-az6",
              "use1-az1",
              "use1-az2",
              "use1-az3",
              "use1-az5"
            ]
          },
          "sensitive_attributes": [],
          "identity_schema_version": 0
        }
      ]
    },
    {
      "mode": "data",
      "type": "aws_iam_role",
      "name": "lab_role",
      "provider": "provider[\"registry.terraform.io/hashicorp/aws\"]",
      "instances": [
        {
          "schema_version": 0,
          "attributes": {
            "arn": "arn:aws:iam::706113607058:role/LabRole",
            "assume_role_policy": "{\"Version\":\"2012-10-17\",\"Statement\":[{\"Effect\":\"Allow\",\"Principal\":{\"Service\":[\"cloudtrail.amazonaws.com\",\"credentials.iot.amazonaws.com\",\"logs.amazonaws.com\",\"ec2.amazonaws.com\",\"glue.amazonaws.com\",\"eks.amazonaws.com\",\"iotanalytics.amazonaws.com\",\"sns.amazonaws.com\",\"elasticloadbalancing.amazonaws.com\",\"secretsmanager.amazonaws.com\",\"ecs-tasks.amazonaws.com\",\"ecs.amazonaws.com\",\"athena.amazonaws.com\",\"redshift.amazonaws.com\",\"codedeploy.amazonaws.com\",\"codewhisperer.amazonaws.com\",\"application-autoscaling.amazonaws.com\",\"rekognition.amazonaws.com\",\"rds.amazonaws.com\",\"iot.amazonaws.com\",\"elasticfilesystem.amazonaws.com\",\"forecast.amazonaws.com\",\"sqs.amazonaws.com\",\"lambda.amazonaws.com\",\"eks-fargate-pods.amazonaws.com\",\"s3.amazonaws.com\",\"deepracer.amazonaws.com\",\"firehose.amazonaws.com\",\"apigateway.amazonaws.com\",\"states.amazonaws.com\",\"resource-groups.amazonaws.com\",\"cognito-idp.amazonaws.com\",\"ec2.application-autoscaling.amazonaws.com\",\"kinesis.amazonaws.com\",\"backup.amazonaws.com\",\"cloudformation.amazonaws.com\",\"pipes.amazonaws.com\",\"servicecatalog.amazonaws.com\",\"kms.amazonaws.com\",\"scheduler.amazonaws.com\",\"sagemaker.amazonaws.com\",\"autoscaling.amazonaws.com\",\"batch.amazonaws.com\",\"databrew.amazonaws.com\",\"ssm.amazonaws.com\",\"events.amazonaws.com\",\"dynamodb.amazonaws.com\",\"elasticbeanstalk.amazonaws.com\",\"kinesisanalytics.amazonaws.com\",\"iotevents.amazonaws.com\",\"elasticmapreduce.amazonaws.com\",\"codecommit.amazonaws.com\"],\"AWS\":\"arn:aws:iam::706113607058:role/LabRole\"},\"Action\":\"sts:AssumeRole\"}]}",
            "create_date": "2026-09-08T17:20:38Z",
            "description": "",
            "id": "LabRole",
            "max_session_duration": 3600,
            "name": "LabRole",
            "path": "/",
            "permissions_boundary": "",
            "role_last_used": [
              {
                "last_used_date": "2026-09-22T19:20:03Z",
                "region": "us-east-1"
              }
            ],
            "tags": {
              "cloudlab": "c229221a5776384l16660033t1w706113607058"
            },
            "unique_id": "AROA2IZ5GSWJGEXVF44IV"
          },
          "sensitive_attributes": [],
          "identity_schema_version": 0
        }
      ]
    },
    {
      "mode": "managed",
      "type": "aws_db_instance",
      "name": "postgres",
      "provider": "provider[\"registry.terraform.io/hashicorp/aws\"]",
      "instances": [
        {
          "schema_version": 2,
          "attributes": {
            "address": "cache-lab-postgres.cb8d99joles5.us-east-1.rds.amazonaws.com",
            "allocated_storage": 20,
            "allow_major_version_upgrade": null,
            "apply_immediately": true,
            "arn": "arn:aws:rds:us-east-1:706113607058:db:cache-lab-postgres",
            "auto_minor_version_upgrade": true,
            "availability_zone": "us-east-1a",
            "backup_retention_period": 0,
            "backup_target": "region",
            "backup_window": "08:24-08:54",
            "blue_green_update": [],
            "ca_cert_identifier": "rds-ca-rsa2048-g1",
            "character_set_name": "",
            "copy_tags_to_snapshot": false,
            "custom_iam_instance_profile": "",
            "customer_owned_ip_enabled": false,
            "database_insights_mode": "standard",
            "db_name": "cachelab",
            "db_subnet_group_name": "cache-lab-db",
            "dedicated_log_volume": false,
            "delete_automated_backups": true,
            "deletion_protection": false,
            "domain": "",
            "domain_auth_secret_arn": "",
            "domain_dns_ips": null,
            "domain_fqdn": "",
            "domain_iam_role_name": "",
            "domain_ou": "",
            "enabled_cloudwatch_logs_exports": null,
            "endpoint": "cache-lab-postgres.cb8d99joles5.us-east-1.rds.amazonaws.com:5432",
            "engine": "postgres",
            "engine_lifecycle_support": "open-source-rds-extended-support",
            "engine_version": "16",
            "engine_version_actual": "16.13",
            "final_snapshot_identifier": null,
            "hosted_zone_id": "Z2R2ITUGPM61AM",
            "iam_database_authentication_enabled": false,
            "id": "db-FH6N7RZ4ZT3UJ235PHGDUYTDUU",
            "identifier": "cache-lab-postgres",
            "identifier_prefix": "",
            "instance_class": "db.t3.micro",
            "iops": 3000,
            "kms_key_id": "",
            "latest_restorable_time": "",
            "license_model": "postgresql-license",
            "listener_endpoint": [],
            "maintenance_window": "wed:05:06-wed:05:36",
            "manage_master_user_password": null,
            "master_user_secret": [],
            "master_user_secret_kms_key_id": null,
            "max_allocated_storage": 50,
            "monitoring_interval": 0,
            "monitoring_role_arn": "",
            "multi_az": false,
            "nchar_character_set_name": "",
            "network_type": "IPV4",
            "option_group_name": "default:postgres-16",
            "parameter_group_name": "default.postgres16",
            "password": "Lab4Password123!",
            "password_wo": null,
            "password_wo_version": null,
            "performance_insights_enabled": false,
            "performance_insights_kms_key_id": "",
            "performance_insights_retention_period": 0,
            "port": 5432,
            "publicly_accessible": false,
            "replica_mode": "",
            "replicas": [],
            "replicate_source_db": "",
            "resource_id": "db-FH6N7RZ4ZT3UJ235PHGDUYTDUU",
            "restore_to_point_in_time": [],
            "s3_import": [],
            "skip_final_snapshot": true,
            "snapshot_identifier": null,
            "status": "available",
            "storage_encrypted": false,
            "storage_throughput": 125,
            "storage_type": "gp3",
            "tags": null,
            "tags_all": {
              "ManagedBy": "Terraform",
              "Project": "cache-lab"
            },
            "timeouts": null,
            "timezone": "",
            "upgrade_storage_config": null,
            "username": "cachelab_admin",
            "vpc_security_group_ids": [
              "sg-02721298985603f53"
            ]
          },
          "sensitive_attributes": [
            [
              {
                "type": "get_attr",
                "value": "password"
              }
            ],
            [
              {
                "type": "get_attr",
                "value": "password_wo"
              }
            ]
          ],
          "identity_schema_version": 0,
          "private": "eyJlMmJmYjczMC1lY2FhLTExZTYtOGY4OC0zNDM2M2JjN2M0YzAiOnsiY3JlYXRlIjozMDAwMDAwMDAwMDAwLCJkZWxldGUiOjM2MDAwMDAwMDAwMDAsInVwZGF0ZSI6NDgwMDAwMDAwMDAwMH0sInNjaGVtYV92ZXJzaW9uIjoiMiJ9",
          "dependencies": [
            "aws_db_subnet_group.main",
            "aws_security_group.lambda",
            "aws_security_group.rds",
            "aws_subnet.private_a",
            "aws_subnet.private_b",
            "aws_vpc.main",
            "data.aws_availability_zones.available"
          ]
        }
      ]
    },
    {
      "mode": "managed",
      "type": "aws_db_subnet_group",
      "name": "main",
      "provider": "provider[\"registry.terraform.io/hashicorp/aws\"]",
      "instances": [
        {
          "schema_version": 0,
          "attributes": {
            "arn": "arn:aws:rds:us-east-1:706113607058:subgrp:cache-lab-db",
            "description": "Managed by Terraform",
            "id": "cache-lab-db",
            "name": "cache-lab-db",
            "name_prefix": "",
            "subnet_ids": [
              "subnet-0357997f88e7d7ff4",
              "subnet-0d02e23baed4abf9b"
            ],
            "supported_network_types": [
              "IPV4"
            ],
            "tags": {
              "Name": "cache-lab-db-subnets"
            },
            "tags_all": {
              "ManagedBy": "Terraform",
              "Name": "cache-lab-db-subnets",
              "Project": "cache-lab"
            },
            "vpc_id": "vpc-0d36d7f188e9ca10e"
          },
          "sensitive_attributes": [],
          "identity_schema_version": 0,
          "private": "bnVsbA==",
          "dependencies": [
            "aws_subnet.private_a",
            "aws_subnet.private_b",
            "aws_vpc.main",
            "data.aws_availability_zones.available"
          ]
        }
      ]
    },
    {
      "mode": "managed",
      "type": "aws_elasticache_cluster",
      "name": "redis",
      "provider": "provider[\"registry.terraform.io/hashicorp/aws\"]",
      "instances": [
        {
          "schema_version": 0,
          "attributes": {
            "apply_immediately": null,
            "arn": "arn:aws:elasticache:us-east-1:706113607058:cluster:cache-lab-redis",
            "auto_minor_version_upgrade": "true",
            "availability_zone": "us-east-1b",
            "az_mode": "single-az",
            "cache_nodes": [
              {
                "address": "cache-lab-redis.z29hra.0001.use1.cache.amazonaws.com",
                "availability_zone": "us-east-1b",
                "id": "0001",
                "outpost_arn": "",
                "port": 6379
              }
            ],
            "cluster_address": null,
            "cluster_id": "cache-lab-redis",
            "configuration_endpoint": null,
            "engine": "redis",
            "engine_version": "7.1",
            "engine_version_actual": "7.1.0",
            "final_snapshot_identifier": null,
            "id": "cache-lab-redis",
            "ip_discovery": "ipv4",
            "log_delivery_configuration": [],
            "maintenance_window": "tue:03:00-tue:04:00",
            "network_type": "ipv4",
            "node_type": "cache.t3.micro",
            "notification_topic_arn": null,
            "num_cache_nodes": 1,
            "outpost_mode": null,
            "parameter_group_name": "default.redis7",
            "port": 6379,
            "preferred_availability_zones": null,
            "preferred_outpost_arn": "",
            "replication_group_id": "",
            "security_group_ids": [
              "sg-0e87983b88851fd1f"
            ],
            "snapshot_arns": null,
            "snapshot_name": null,
            "snapshot_retention_limit": 0,
            "snapshot_window": "07:30-08:30",
            "subnet_group_name": "cache-lab-redis",
            "tags": null,
            "tags_all": {
              "ManagedBy": "Terraform",
              "Project": "cache-lab"
            },
            "timeouts": null,
            "transit_encryption_enabled": false
          },
          "sensitive_attributes": [],
          "identity_schema_version": 0,
          "private": "eyJlMmJmYjczMC1lY2FhLTExZTYtOGY4OC0zNDM2M2JjN2M0YzAiOnsiY3JlYXRlIjoyNDAwMDAwMDAwMDAwLCJkZWxldGUiOjI0MDAwMDAwMDAwMDAsInVwZGF0ZSI6NDgwMDAwMDAwMDAwMH19",
          "dependencies": [
            "aws_elasticache_subnet_group.main",
            "aws_security_group.lambda",
            "aws_security_group.redis",
            "aws_subnet.private_a",
            "aws_subnet.private_b",
            "aws_vpc.main",
            "data.aws_availability_zones.available"
          ]
        }
      ]
    },
    {
      "mode": "managed",
      "type": "aws_elasticache_subnet_group",
      "name": "main",
      "provider": "provider[\"registry.terraform.io/hashicorp/aws\"]",
      "instances": [
        {
          "schema_version": 0,
          "attributes": {
            "arn": "arn:aws:elasticache:us-east-1:706113607058:subnetgroup:cache-lab-redis",
            "description": "Managed by Terraform",
            "id": "cache-lab-redis",
            "name": "cache-lab-redis",
            "subnet_ids": [
              "subnet-0357997f88e7d7ff4",
              "subnet-0d02e23baed4abf9b"
            ],
            "tags": {
              "Name": "cache-lab-redis-subnets"
            },
            "tags_all": {
              "ManagedBy": "Terraform",
              "Name": "cache-lab-redis-subnets",
              "Project": "cache-lab"
            },
            "vpc_id": "vpc-0d36d7f188e9ca10e"
          },
          "sensitive_attributes": [],
          "identity_schema_version": 0,
          "private": "bnVsbA==",
          "dependencies": [
            "aws_subnet.private_a",
            "aws_subnet.private_b",
            "aws_vpc.main",
            "data.aws_availability_zones.available"
          ]
        }
      ]
    },
    {
      "mode": "managed",
      "type": "aws_internet_gateway",
      "name": "main",
      "provider": "provider[\"registry.terraform.io/hashicorp/aws\"]",
      "instances": [
        {
          "schema_version": 0,
          "attributes": {
            "arn": "arn:aws:ec2:us-east-1:706113607058:internet-gateway/igw-0658d3f5bcded479e",
            "id": "igw-0658d3f5bcded479e",
            "owner_id": "706113607058",
            "tags": {
              "Name": "cache-lab-igw"
            },
            "tags_all": {
              "ManagedBy": "Terraform",
              "Name": "cache-lab-igw",
              "Project": "cache-lab"
            },
            "timeouts": null,
            "vpc_id": "vpc-0d36d7f188e9ca10e"
          },
          "sensitive_attributes": [],
          "identity_schema_version": 0,
          "private": "eyJlMmJmYjczMC1lY2FhLTExZTYtOGY4OC0zNDM2M2JjN2M0YzAiOnsiY3JlYXRlIjoxMjAwMDAwMDAwMDAwLCJkZWxldGUiOjEyMDAwMDAwMDAwMDAsInVwZGF0ZSI6MTIwMDAwMDAwMDAwMH19",
          "dependencies": [
            "aws_vpc.main"
          ]
        }
      ]
    },
    {
      "mode": "managed",
      "type": "aws_lambda_function",
      "name": "api",
      "provider": "provider[\"registry.terraform.io/hashicorp/aws\"]",
      "instances": [
        {
          "schema_version": 0,
          "attributes": {
            "architectures": [
              "x86_64"
            ],
            "arn": "arn:aws:lambda:us-east-1:706113607058:function:cache-lab-api",
            "code_sha256": "qmSowclpF8x0bFO2mNu2MMTPsxxKgrft5w9HrdyJh9s=",
            "code_signing_config_arn": "",
            "dead_letter_config": [],
            "description": "",
            "environment": [
              {
                "variables": {
                  "CACHE_TTL_SECONDS": "300",
                  "DB_HOST": "cache-lab-postgres.cb8d99joles5.us-east-1.rds.amazonaws.com",
                  "DB_NAME": "cachelab",
                  "DB_PASSWORD": "Lab4Password123!",
                  "DB_PORT": "5432",
                  "DB_USER": "cachelab_admin",
                  "REDIS_HOST": "cache-lab-redis.z29hra.0001.use1.cache.amazonaws.com"
                }
              }
            ],
            "ephemeral_storage": [
              {
                "size": 512
              }
            ],
            "file_system_config": [],
            "filename": "./lambda.zip",
            "function_name": "cache-lab-api",
            "handler": "handler.lambda_handler",
            "id": "cache-lab-api",
            "image_config": [],
            "image_uri": "",
            "invoke_arn": "arn:aws:apigateway:us-east-1:lambda:path/2015-03-31/functions/arn:aws:lambda:us-east-1:706113607058:function:cache-lab-api/invocations",
            "kms_key_arn": "",
            "last_modified": "2026-09-24T18:03:55.928+0000",
            "layers": null,
            "logging_config": [
              {
                "application_log_level": "",
                "log_format": "Text",
                "log_group": "/aws/lambda/cache-lab-api",
                "system_log_level": ""
              }
            ],
            "memory_size": 256,
            "package_type": "Zip",
            "publish": false,
            "qualified_arn": "arn:aws:lambda:us-east-1:706113607058:function:cache-lab-api:$LATEST",
            "qualified_invoke_arn": "arn:aws:apigateway:us-east-1:lambda:path/2015-03-31/functions/arn:aws:lambda:us-east-1:706113607058:function:cache-lab-api:$LATEST/invocations",
            "replace_security_groups_on_destroy": null,
            "replacement_security_group_ids": null,
            "reserved_concurrent_executions": -1,
            "role": "arn:aws:iam::706113607058:role/LabRole",
            "runtime": "python3.12",
            "s3_bucket": null,
            "s3_key": null,
            "s3_object_version": null,
            "signing_job_arn": "",
            "signing_profile_version_arn": "",
            "skip_destroy": false,
            "snap_start": [],
            "source_code_hash": "qmSowclpF8x0bFO2mNu2MMTPsxxKgrft5w9HrdyJh9s=",
            "source_code_size": 3977955,
            "tags": null,
            "tags_all": {
              "ManagedBy": "Terraform",
              "Project": "cache-lab"
            },
            "timeout": 30,
            "timeouts": null,
            "tracing_config": [
              {
                "mode": "PassThrough"
              }
            ],
            "version": "$LATEST",
            "vpc_config": [
              {
                "ipv6_allowed_for_dual_stack": false,
                "security_group_ids": [
                  "sg-062cc7a6321c0f566"
                ],
                "subnet_ids": [
                  "subnet-0357997f88e7d7ff4",
                  "subnet-0d02e23baed4abf9b"
                ],
                "vpc_id": "vpc-0d36d7f188e9ca10e"
              }
            ]
          },
          "sensitive_attributes": [
            [
              {
                "type": "get_attr",
                "value": "environment"
              },
              {
                "type": "index",
                "value": {
                  "value": 0,
                  "type": "number"
                }
              },
              {
                "type": "get_attr",
                "value": "variables"
              },
              {
                "type": "index",
                "value": {
                  "value": "DB_PASSWORD",
                  "type": "string"
                }
              }
            ]
          ],
          "identity_schema_version": 0,
          "private": "eyJlMmJmYjczMC1lY2FhLTExZTYtOGY4OC0zNDM2M2JjN2M0YzAiOnsiY3JlYXRlIjo2MDAwMDAwMDAwMDAsImRlbGV0ZSI6NjAwMDAwMDAwMDAwLCJ1cGRhdGUiOjYwMDAwMDAwMDAwMH19",
          "dependencies": [
            "aws_db_instance.postgres",
            "aws_db_subnet_group.main",
            "aws_elasticache_cluster.redis",
            "aws_elasticache_subnet_group.main",
            "aws_security_group.lambda",
            "aws_security_group.rds",
            "aws_security_group.redis",
            "aws_subnet.private_a",
            "aws_subnet.private_b",
            "aws_vpc.main",
            "data.archive_file.lambda",
            "data.aws_availability_zones.available",
            "data.aws_iam_role.lab_role",
            "terraform_data.lambda_dependencies"
          ]
        }
      ]
    },
    {
      "mode": "managed",
      "type": "aws_lambda_permission",
      "name": "alb",
      "provider": "provider[\"registry.terraform.io/hashicorp/aws\"]",
      "instances": [
        {
          "schema_version": 0,
          "attributes": {
            "action": "lambda:InvokeFunction",
            "event_source_token": null,
            "function_name": "cache-lab-api",
            "function_url_auth_type": null,
            "id": "AllowExecutionFromALB",
            "principal": "elasticloadbalancing.amazonaws.com",
            "principal_org_id": null,
            "qualifier": "",
            "source_account": null,
            "source_arn": "arn:aws:elasticloadbalancing:us-east-1:706113607058:targetgroup/cache-lab-lambda/10ab5fb9fd6b807f",
            "statement_id": "AllowExecutionFromALB",
            "statement_id_prefix": ""
          },
          "sensitive_attributes": [],
          "identity_schema_version": 0,
          "private": "bnVsbA==",
          "dependencies": [
            "aws_db_instance.postgres",
            "aws_db_subnet_group.main",
            "aws_elasticache_cluster.redis",
            "aws_elasticache_subnet_group.main",
            "aws_lambda_function.api",
            "aws_lb_target_group.lambda",
            "aws_security_group.lambda",
            "aws_security_group.rds",
            "aws_security_group.redis",
            "aws_subnet.private_a",
            "aws_subnet.private_b",
            "aws_vpc.main",
            "data.archive_file.lambda",
            "data.aws_availability_zones.available",
            "data.aws_iam_role.lab_role",
            "terraform_data.lambda_dependencies"
          ]
        }
      ]
    },
    {
      "mode": "managed",
      "type": "aws_lb",
      "name": "api",
      "provider": "provider[\"registry.terraform.io/hashicorp/aws\"]",
      "instances": [
        {
          "schema_version": 0,
          "attributes": {
            "access_logs": [
              {
                "bucket": "",
                "enabled": false,
                "prefix": ""
              }
            ],
            "arn": "arn:aws:elasticloadbalancing:us-east-1:706113607058:loadbalancer/app/cache-lab-alb/18a915159ef23a55",
            "arn_suffix": "app/cache-lab-alb/18a915159ef23a55",
            "client_keep_alive": 3600,
            "connection_logs": [
              {
                "bucket": "",
                "enabled": false,
                "prefix": ""
              }
            ],
            "customer_owned_ipv4_pool": "",
            "desync_mitigation_mode": "defensive",
            "dns_name": "cache-lab-alb-970937961.us-east-1.elb.amazonaws.com",
            "dns_record_client_routing_policy": null,
            "drop_invalid_header_fields": false,
            "enable_cross_zone_load_balancing": true,
            "enable_deletion_protection": false,
            "enable_http2": true,
            "enable_tls_version_and_cipher_suite_headers": false,
            "enable_waf_fail_open": false,
            "enable_xff_client_port": false,
            "enable_zonal_shift": false,
            "enforce_security_group_inbound_rules_on_private_link_traffic": "",
            "id": "arn:aws:elasticloadbalancing:us-east-1:706113607058:loadbalancer/app/cache-lab-alb/18a915159ef23a55",
            "idle_timeout": 60,
            "internal": false,
            "ip_address_type": "ipv4",
            "ipam_pools": [],
            "load_balancer_type": "application",
            "minimum_load_balancer_capacity": [],
            "name": "cache-lab-alb",
            "name_prefix": "",
            "preserve_host_header": false,
            "security_groups": [
              "sg-0bab5ae6c69bd14db"
            ],
            "subnet_mapping": [
              {
                "allocation_id": "",
                "ipv6_address": "",
                "outpost_id": "",
                "private_ipv4_address": "",
                "subnet_id": "subnet-00f2d3e2196ca83f2"
              },
              {
                "allocation_id": "",
                "ipv6_address": "",
                "outpost_id": "",
                "private_ipv4_address": "",
                "subnet_id": "subnet-0e582c973baddb7db"
              }
            ],
            "subnets": [
              "subnet-00f2d3e2196ca83f2",
              "subnet-0e582c973baddb7db"
            ],
            "tags": null,
            "tags_all": {
              "ManagedBy": "Terraform",
              "Project": "cache-lab"
            },
            "timeouts": null,
            "vpc_id": "vpc-0d36d7f188e9ca10e",
            "xff_header_processing_mode": "append",
            "zone_id": "Z35SXDOTRQ7X7K"
          },
          "sensitive_attributes": [],
          "identity_schema_version": 0,
          "private": "eyJlMmJmYjczMC1lY2FhLTExZTYtOGY4OC0zNDM2M2JjN2M0YzAiOnsiY3JlYXRlIjo2MDAwMDAwMDAwMDAsImRlbGV0ZSI6NjAwMDAwMDAwMDAwLCJ1cGRhdGUiOjYwMDAwMDAwMDAwMH19",
          "dependencies": [
            "aws_security_group.alb",
            "aws_subnet.public_a",
            "aws_subnet.public_b",
            "aws_vpc.main",
            "data.aws_availability_zones.available"
          ]
        }
      ]
    },
    {
      "mode": "managed",
      "type": "aws_lb_listener",
      "name": "http",
      "provider": "provider[\"registry.terraform.io/hashicorp/aws\"]",
      "instances": [
        {
          "schema_version": 0,
          "attributes": {
            "alpn_policy": null,
            "arn": "arn:aws:elasticloadbalancing:us-east-1:706113607058:listener/app/cache-lab-alb/18a915159ef23a55/29a4cf3ef0f6e6e9",
            "certificate_arn": null,
            "default_action": [
              {
                "authenticate_cognito": [],
                "authenticate_oidc": [],
                "fixed_response": [],
                "forward": [],
                "order": 1,
                "redirect": [],
                "target_group_arn": "arn:aws:elasticloadbalancing:us-east-1:706113607058:targetgroup/cache-lab-lambda/10ab5fb9fd6b807f",
                "type": "forward"
              }
            ],
            "id": "arn:aws:elasticloadbalancing:us-east-1:706113607058:listener/app/cache-lab-alb/18a915159ef23a55/29a4cf3ef0f6e6e9",
            "load_balancer_arn": "arn:aws:elasticloadbalancing:us-east-1:706113607058:loadbalancer/app/cache-lab-alb/18a915159ef23a55",
            "mutual_authentication": [],
            "port": 80,
            "protocol": "HTTP",
            "routing_http_request_x_amzn_mtls_clientcert_header_name": null,
            "routing_http_request_x_amzn_mtls_clientcert_issuer_header_name": null,
            "routing_http_request_x_amzn_mtls_clientcert_leaf_header_name": null,
            "routing_http_request_x_amzn_mtls_clientcert_serial_number_header_name": null,
            "routing_http_request_x_amzn_mtls_clientcert_subject_header_name": null,
            "routing_http_request_x_amzn_mtls_clientcert_validity_header_name": null,
            "routing_http_request_x_amzn_tls_cipher_suite_header_name": null,
            "routing_http_request_x_amzn_tls_version_header_name": null,
            "routing_http_response_access_control_allow_credentials_header_value": "",
            "routing_http_response_access_control_allow_headers_header_value": "",
            "routing_http_response_access_control_allow_methods_header_value": "",
            "routing_http_response_access_control_allow_origin_header_value": "",
            "routing_http_response_access_control_expose_headers_header_value": "",
            "routing_http_response_access_control_max_age_header_value": "",
            "routing_http_response_content_security_policy_header_value": "",
            "routing_http_response_server_enabled": true,
            "routing_http_response_strict_transport_security_header_value": "",
            "routing_http_response_x_content_type_options_header_value": "",
            "routing_http_response_x_frame_options_header_value": "",
            "ssl_policy": "",
            "tags": null,
            "tags_all": {
              "ManagedBy": "Terraform",
              "Project": "cache-lab"
            },
            "tcp_idle_timeout_seconds": null,
            "timeouts": null
          },
          "sensitive_attributes": [],
          "identity_schema_version": 0,
          "private": "eyJlMmJmYjczMC1lY2FhLTExZTYtOGY4OC0zNDM2M2JjN2M0YzAiOnsiY3JlYXRlIjozMDAwMDAwMDAwMDAsInVwZGF0ZSI6MzAwMDAwMDAwMDAwfX0=",
          "dependencies": [
            "aws_lb.api",
            "aws_lb_target_group.lambda",
            "aws_security_group.alb",
            "aws_subnet.public_a",
            "aws_subnet.public_b",
            "aws_vpc.main",
            "data.aws_availability_zones.available"
          ]
        }
      ]
    },
    {
      "mode": "managed",
      "type": "aws_lb_target_group",
      "name": "lambda",
      "provider": "provider[\"registry.terraform.io/hashicorp/aws\"]",
      "instances": [
        {
          "schema_version": 0,
          "attributes": {
            "arn": "arn:aws:elasticloadbalancing:us-east-1:706113607058:targetgroup/cache-lab-lambda/10ab5fb9fd6b807f",
            "arn_suffix": "targetgroup/cache-lab-lambda/10ab5fb9fd6b807f",
            "connection_termination": null,
            "deregistration_delay": "300",
            "health_check": [
              {
                "enabled": false,
                "healthy_threshold": 5,
                "interval": 35,
                "matcher": "200",
                "path": "/",
                "port": "",
                "protocol": "",
                "timeout": 30,
                "unhealthy_threshold": 2
              }
            ],
            "id": "arn:aws:elasticloadbalancing:us-east-1:706113607058:targetgroup/cache-lab-lambda/10ab5fb9fd6b807f",
            "ip_address_type": "ipv4",
            "lambda_multi_value_headers_enabled": false,
            "load_balancer_arns": [],
            "load_balancing_algorithm_type": null,
            "load_balancing_anomaly_mitigation": null,
            "load_balancing_cross_zone_enabled": null,
            "name": "cache-lab-lambda",
            "name_prefix": "",
            "port": null,
            "preserve_client_ip": null,
            "protocol": null,
            "protocol_version": null,
            "proxy_protocol_v2": false,
            "slow_start": 0,
            "stickiness": [
              {
                "cookie_duration": null,
                "cookie_name": null,
                "enabled": null,
                "type": null
              }
            ],
            "tags": null,
            "tags_all": {
              "ManagedBy": "Terraform",
              "Project": "cache-lab"
            },
            "target_failover": [
              {
                "on_deregistration": null,
                "on_unhealthy": null
              }
            ],
            "target_group_health": [
              {
                "dns_failover": [
                  {
                    "minimum_healthy_targets_count": null,
                    "minimum_healthy_targets_percentage": null
                  }
                ],
                "unhealthy_state_routing": [
                  {
                    "minimum_healthy_targets_count": null,
                    "minimum_healthy_targets_percentage": null
                  }
                ]
              }
            ],
            "target_health_state": [
              {
                "enable_unhealthy_connection_termination": null,
                "unhealthy_draining_interval": null
              }
            ],
            "target_type": "lambda",
            "vpc_id": null
          },
          "sensitive_attributes": [],
          "identity_schema_version": 0,
          "private": "bnVsbA=="
        }
      ]
    },
    {
      "mode": "managed",
      "type": "aws_lb_target_group_attachment",
      "name": "lambda",
      "provider": "provider[\"registry.terraform.io/hashicorp/aws\"]",
      "instances": [
        {
          "schema_version": 0,
          "attributes": {
            "availability_zone": null,
            "id": "arn:aws:elasticloadbalancing:us-east-1:706113607058:targetgroup/cache-lab-lambda/10ab5fb9fd6b807f-20260924180740795200000002",
            "port": null,
            "target_group_arn": "arn:aws:elasticloadbalancing:us-east-1:706113607058:targetgroup/cache-lab-lambda/10ab5fb9fd6b807f",
            "target_id": "arn:aws:lambda:us-east-1:706113607058:function:cache-lab-api"
          },
          "sensitive_attributes": [],
          "identity_schema_version": 0,
          "private": "bnVsbA==",
          "dependencies": [
            "aws_db_instance.postgres",
            "aws_db_subnet_group.main",
            "aws_elasticache_cluster.redis",
            "aws_elasticache_subnet_group.main",
            "aws_lambda_function.api",
            "aws_lambda_permission.alb",
            "aws_lb_target_group.lambda",
            "aws_security_group.lambda",
            "aws_security_group.rds",
            "aws_security_group.redis",
            "aws_subnet.private_a",
            "aws_subnet.private_b",
            "aws_vpc.main",
            "data.archive_file.lambda",
            "data.aws_availability_zones.available",
            "data.aws_iam_role.lab_role",
            "terraform_data.lambda_dependencies"
          ]
        }
      ]
    },
    {
      "mode": "managed",
      "type": "aws_route_table",
      "name": "public",
      "provider": "provider[\"registry.terraform.io/hashicorp/aws\"]",
      "instances": [
        {
          "schema_version": 0,
          "attributes": {
            "arn": "arn:aws:ec2:us-east-1:706113607058:route-table/rtb-056972850f4799334",
            "id": "rtb-056972850f4799334",
            "owner_id": "706113607058",
            "propagating_vgws": [],
            "route": [
              {
                "carrier_gateway_id": "",
                "cidr_block": "0.0.0.0/0",
                "core_network_arn": "",
                "destination_prefix_list_id": "",
                "egress_only_gateway_id": "",
                "gateway_id": "igw-0658d3f5bcded479e",
                "ipv6_cidr_block": "",
                "local_gateway_id": "",
                "nat_gateway_id": "",
                "network_interface_id": "",
                "transit_gateway_id": "",
                "vpc_endpoint_id": "",
                "vpc_peering_connection_id": ""
              }
            ],
            "tags": {
              "Name": "cache-lab-public-routes"
            },
            "tags_all": {
              "ManagedBy": "Terraform",
              "Name": "cache-lab-public-routes",
              "Project": "cache-lab"
            },
            "timeouts": null,
            "vpc_id": "vpc-0d36d7f188e9ca10e"
          },
          "sensitive_attributes": [],
          "identity_schema_version": 0,
          "private": "eyJlMmJmYjczMC1lY2FhLTExZTYtOGY4OC0zNDM2M2JjN2M0YzAiOnsiY3JlYXRlIjozMDAwMDAwMDAwMDAsImRlbGV0ZSI6MzAwMDAwMDAwMDAwLCJ1cGRhdGUiOjEyMDAwMDAwMDAwMH19",
          "dependencies": [
            "aws_internet_gateway.main",
            "aws_vpc.main"
          ]
        }
      ]
    },
    {
      "mode": "managed",
      "type": "aws_route_table_association",
      "name": "public_a",
      "provider": "provider[\"registry.terraform.io/hashicorp/aws\"]",
      "instances": [
        {
          "schema_version": 0,
          "attributes": {
            "gateway_id": "",
            "id": "rtbassoc-0efd7f3e91a492a27",
            "route_table_id": "rtb-056972850f4799334",
            "subnet_id": "subnet-0e582c973baddb7db",
            "timeouts": null
          },
          "sensitive_attributes": [],
          "identity_schema_version": 0,
          "private": "eyJlMmJmYjczMC1lY2FhLTExZTYtOGY4OC0zNDM2M2JjN2M0YzAiOnsiY3JlYXRlIjozMDAwMDAwMDAwMDAsImRlbGV0ZSI6MzAwMDAwMDAwMDAwLCJ1cGRhdGUiOjEyMDAwMDAwMDAwMH19",
          "dependencies": [
            "aws_internet_gateway.main",
            "aws_route_table.public",
            "aws_subnet.public_a",
            "aws_vpc.main",
            "data.aws_availability_zones.available"
          ]
        }
      ]
    },
    {
      "mode": "managed",
      "type": "aws_route_table_association",
      "name": "public_b",
      "provider": "provider[\"registry.terraform.io/hashicorp/aws\"]",
      "instances": [
        {
          "schema_version": 0,
          "attributes": {
            "gateway_id": "",
            "id": "rtbassoc-0a1ca7bf78f507cf1",
            "route_table_id": "rtb-056972850f4799334",
            "subnet_id": "subnet-00f2d3e2196ca83f2",
            "timeouts": null
          },
          "sensitive_attributes": [],
          "identity_schema_version": 0,
          "private": "eyJlMmJmYjczMC1lY2FhLTExZTYtOGY4OC0zNDM2M2JjN2M0YzAiOnsiY3JlYXRlIjozMDAwMDAwMDAwMDAsImRlbGV0ZSI6MzAwMDAwMDAwMDAwLCJ1cGRhdGUiOjEyMDAwMDAwMDAwMH19",
          "dependencies": [
            "aws_internet_gateway.main",
            "aws_route_table.public",
            "aws_subnet.public_b",
            "aws_vpc.main",
            "data.aws_availability_zones.available"
          ]
        }
      ]
    },
    {
      "mode": "managed",
      "type": "aws_security_group",
      "name": "alb",
      "provider": "provider[\"registry.terraform.io/hashicorp/aws\"]",
      "instances": [
        {
          "schema_version": 1,
          "attributes": {
            "arn": "arn:aws:ec2:us-east-1:706113607058:security-group/sg-0bab5ae6c69bd14db",
            "description": "Allow public HTTP traffic to the Application Load Balancer.",
            "egress": [
              {
                "cidr_blocks": [
                  "0.0.0.0/0"
                ],
                "description": "Allow ALB to invoke Lambda",
                "from_port": 0,
                "ipv6_cidr_blocks": [],
                "prefix_list_ids": [],
                "protocol": "-1",
                "security_groups": [],
                "self": false,
                "to_port": 0
              }
            ],
            "id": "sg-0bab5ae6c69bd14db",
            "ingress": [
              {
                "cidr_blocks": [
                  "0.0.0.0/0"
                ],
                "description": "HTTP from the internet",
                "from_port": 80,
                "ipv6_cidr_blocks": [],
                "prefix_list_ids": [],
                "protocol": "tcp",
                "security_groups": [],
                "self": false,
                "to_port": 80
              }
            ],
            "name": "cache-lab-alb",
            "name_prefix": "",
            "owner_id": "706113607058",
            "revoke_rules_on_delete": false,
            "tags": null,
            "tags_all": {
              "ManagedBy": "Terraform",
              "Project": "cache-lab"
            },
            "timeouts": null,
            "vpc_id": "vpc-0d36d7f188e9ca10e"
          },
          "sensitive_attributes": [],
          "identity_schema_version": 0,
          "private": "eyJlMmJmYjczMC1lY2FhLTExZTYtOGY4OC0zNDM2M2JjN2M0YzAiOnsiY3JlYXRlIjo2MDAwMDAwMDAwMDAsImRlbGV0ZSI6OTAwMDAwMDAwMDAwfSwic2NoZW1hX3ZlcnNpb24iOiIxIn0=",
          "dependencies": [
            "aws_vpc.main"
          ]
        }
      ]
    },
    {
      "mode": "managed",
      "type": "aws_security_group",
      "name": "lambda",
      "provider": "provider[\"registry.terraform.io/hashicorp/aws\"]",
      "instances": [
        {
          "schema_version": 1,
          "attributes": {
            "arn": "arn:aws:ec2:us-east-1:706113607058:security-group/sg-062cc7a6321c0f566",
            "description": "Lambda access to PostgreSQL and Redis.",
            "egress": [
              {
                "cidr_blocks": [
                  "10.0.0.0/16"
                ],
                "description": "Lambda to private data services",
                "from_port": 0,
                "ipv6_cidr_blocks": [],
                "prefix_list_ids": [],
                "protocol": "tcp",
                "security_groups": [],
                "self": false,
                "to_port": 65535
              }
            ],
            "id": "sg-062cc7a6321c0f566",
            "ingress": [],
            "name": "cache-lab-lambda",
            "name_prefix": "",
            "owner_id": "706113607058",
            "revoke_rules_on_delete": false,
            "tags": {},
            "tags_all": {
              "ManagedBy": "Terraform",
              "Project": "cache-lab"
            },
            "timeouts": null,
            "vpc_id": "vpc-0d36d7f188e9ca10e"
          },
          "sensitive_attributes": [],
          "identity_schema_version": 0,
          "private": "eyJlMmJmYjczMC1lY2FhLTExZTYtOGY4OC0zNDM2M2JjN2M0YzAiOnsiY3JlYXRlIjo2MDAwMDAwMDAwMDAsImRlbGV0ZSI6OTAwMDAwMDAwMDAwfSwic2NoZW1hX3ZlcnNpb24iOiIxIn0=",
          "dependencies": [
            "aws_vpc.main"
          ]
        }
      ]
    },
    {
      "mode": "managed",
      "type": "aws_security_group",
      "name": "rds",
      "provider": "provider[\"registry.terraform.io/hashicorp/aws\"]",
      "instances": [
        {
          "schema_version": 1,
          "attributes": {
            "arn": "arn:aws:ec2:us-east-1:706113607058:security-group/sg-02721298985603f53",
            "description": "PostgreSQL accepts connections only from Lambda.",
            "egress": [],
            "id": "sg-02721298985603f53",
            "ingress": [
              {
                "cidr_blocks": [],
                "description": "PostgreSQL from Lambda",
                "from_port": 5432,
                "ipv6_cidr_blocks": [],
                "prefix_list_ids": [],
                "protocol": "tcp",
                "security_groups": [
                  "sg-062cc7a6321c0f566"
                ],
                "self": false,
                "to_port": 5432
              }
            ],
            "name": "cache-lab-rds",
            "name_prefix": "",
            "owner_id": "706113607058",
            "revoke_rules_on_delete": false,
            "tags": null,
            "tags_all": {
              "ManagedBy": "Terraform",
              "Project": "cache-lab"
            },
            "timeouts": null,
            "vpc_id": "vpc-0d36d7f188e9ca10e"
          },
          "sensitive_attributes": [],
          "identity_schema_version": 0,
          "private": "eyJlMmJmYjczMC1lY2FhLTExZTYtOGY4OC0zNDM2M2JjN2M0YzAiOnsiY3JlYXRlIjo2MDAwMDAwMDAwMDAsImRlbGV0ZSI6OTAwMDAwMDAwMDAwfSwic2NoZW1hX3ZlcnNpb24iOiIxIn0=",
          "dependencies": [
            "aws_security_group.lambda",
            "aws_vpc.main"
          ]
        }
      ]
    },
    {
      "mode": "managed",
      "type": "aws_security_group",
      "name": "redis",
      "provider": "provider[\"registry.terraform.io/hashicorp/aws\"]",
      "instances": [
        {
          "schema_version": 1,
          "attributes": {
            "arn": "arn:aws:ec2:us-east-1:706113607058:security-group/sg-0e87983b88851fd1f",
            "description": "Redis accepts connections only from Lambda.",
            "egress": [],
            "id": "sg-0e87983b88851fd1f",
            "ingress": [
              {
                "cidr_blocks": [],
                "description": "Redis from Lambda",
                "from_port": 6379,
                "ipv6_cidr_blocks": [],
                "prefix_list_ids": [],
                "protocol": "tcp",
                "security_groups": [
                  "sg-062cc7a6321c0f566"
                ],
                "self": false,
                "to_port": 6379
              }
            ],
            "name": "cache-lab-redis",
            "name_prefix": "",
            "owner_id": "706113607058",
            "revoke_rules_on_delete": false,
            "tags": null,
            "tags_all": {
              "ManagedBy": "Terraform",
              "Project": "cache-lab"
            },
            "timeouts": null,
            "vpc_id": "vpc-0d36d7f188e9ca10e"
          },
          "sensitive_attributes": [],
          "identity_schema_version": 0,
          "private": "eyJlMmJmYjczMC1lY2FhLTExZTYtOGY4OC0zNDM2M2JjN2M0YzAiOnsiY3JlYXRlIjo2MDAwMDAwMDAwMDAsImRlbGV0ZSI6OTAwMDAwMDAwMDAwfSwic2NoZW1hX3ZlcnNpb24iOiIxIn0=",
          "dependencies": [
            "aws_security_group.lambda",
            "aws_vpc.main"
          ]
        }
      ]
    },
    {
      "mode": "managed",
      "type": "aws_subnet",
      "name": "private_a",
      "provider": "provider[\"registry.terraform.io/hashicorp/aws\"]",
      "instances": [
        {
          "schema_version": 1,
          "attributes": {
            "arn": "arn:aws:ec2:us-east-1:706113607058:subnet/subnet-0d02e23baed4abf9b",
            "assign_ipv6_address_on_creation": false,
            "availability_zone": "us-east-1a",
            "availability_zone_id": "use1-az4",
            "cidr_block": "10.0.11.0/24",
            "customer_owned_ipv4_pool": "",
            "enable_dns64": false,
            "enable_lni_at_device_index": 0,
            "enable_resource_name_dns_a_record_on_launch": false,
            "enable_resource_name_dns_aaaa_record_on_launch": false,
            "id": "subnet-0d02e23baed4abf9b",
            "ipv6_cidr_block": "",
            "ipv6_cidr_block_association_id": "",
            "ipv6_native": false,
            "map_customer_owned_ip_on_launch": false,
            "map_public_ip_on_launch": false,
            "outpost_arn": "",
            "owner_id": "706113607058",
            "private_dns_hostname_type_on_launch": "ip-name",
            "tags": {
              "Name": "cache-lab-private-a"
            },
            "tags_all": {
              "ManagedBy": "Terraform",
              "Name": "cache-lab-private-a",
              "Project": "cache-lab"
            },
            "timeouts": null,
            "vpc_id": "vpc-0d36d7f188e9ca10e"
          },
          "sensitive_attributes": [],
          "identity_schema_version": 0,
          "private": "eyJlMmJmYjczMC1lY2FhLTExZTYtOGY4OC0zNDM2M2JjN2M0YzAiOnsiY3JlYXRlIjo2MDAwMDAwMDAwMDAsImRlbGV0ZSI6MTIwMDAwMDAwMDAwMH0sInNjaGVtYV92ZXJzaW9uIjoiMSJ9",
          "dependencies": [
            "aws_vpc.main",
            "data.aws_availability_zones.available"
          ]
        }
      ]
    },
    {
      "mode": "managed",
      "type": "aws_subnet",
      "name": "private_b",
      "provider": "provider[\"registry.terraform.io/hashicorp/aws\"]",
      "instances": [
        {
          "schema_version": 1,
          "attributes": {
            "arn": "arn:aws:ec2:us-east-1:706113607058:subnet/subnet-0357997f88e7d7ff4",
            "assign_ipv6_address_on_creation": false,
            "availability_zone": "us-east-1b",
            "availability_zone_id": "use1-az6",
            "cidr_block": "10.0.12.0/24",
            "customer_owned_ipv4_pool": "",
            "enable_dns64": false,
            "enable_lni_at_device_index": 0,
            "enable_resource_name_dns_a_record_on_launch": false,
            "enable_resource_name_dns_aaaa_record_on_launch": false,
            "id": "subnet-0357997f88e7d7ff4",
            "ipv6_cidr_block": "",
            "ipv6_cidr_block_association_id": "",
            "ipv6_native": false,
            "map_customer_owned_ip_on_launch": false,
            "map_public_ip_on_launch": false,
            "outpost_arn": "",
            "owner_id": "706113607058",
            "private_dns_hostname_type_on_launch": "ip-name",
            "tags": {
              "Name": "cache-lab-private-b"
            },
            "tags_all": {
              "ManagedBy": "Terraform",
              "Name": "cache-lab-private-b",
              "Project": "cache-lab"
            },
            "timeouts": null,
            "vpc_id": "vpc-0d36d7f188e9ca10e"
          },
          "sensitive_attributes": [],
          "identity_schema_version": 0,
          "private": "eyJlMmJmYjczMC1lY2FhLTExZTYtOGY4OC0zNDM2M2JjN2M0YzAiOnsiY3JlYXRlIjo2MDAwMDAwMDAwMDAsImRlbGV0ZSI6MTIwMDAwMDAwMDAwMH0sInNjaGVtYV92ZXJzaW9uIjoiMSJ9",
          "dependencies": [
            "aws_vpc.main",
            "data.aws_availability_zones.available"
          ]
        }
      ]
    },
    {
      "mode": "managed",
      "type": "aws_subnet",
      "name": "public_a",
      "provider": "provider[\"registry.terraform.io/hashicorp/aws\"]",
      "instances": [
        {
          "schema_version": 1,
          "attributes": {
            "arn": "arn:aws:ec2:us-east-1:706113607058:subnet/subnet-0e582c973baddb7db",
            "assign_ipv6_address_on_creation": false,
            "availability_zone": "us-east-1a",
            "availability_zone_id": "use1-az4",
            "cidr_block": "10.0.1.0/24",
            "customer_owned_ipv4_pool": "",
            "enable_dns64": false,
            "enable_lni_at_device_index": 0,
            "enable_resource_name_dns_a_record_on_launch": false,
            "enable_resource_name_dns_aaaa_record_on_launch": false,
            "id": "subnet-0e582c973baddb7db",
            "ipv6_cidr_block": "",
            "ipv6_cidr_block_association_id": "",
            "ipv6_native": false,
            "map_customer_owned_ip_on_launch": false,
            "map_public_ip_on_launch": true,
            "outpost_arn": "",
            "owner_id": "706113607058",
            "private_dns_hostname_type_on_launch": "ip-name",
            "tags": {
              "Name": "cache-lab-public-a"
            },
            "tags_all": {
              "ManagedBy": "Terraform",
              "Name": "cache-lab-public-a",
              "Project": "cache-lab"
            },
            "timeouts": null,
            "vpc_id": "vpc-0d36d7f188e9ca10e"
          },
          "sensitive_attributes": [],
          "identity_schema_version": 0,
          "private": "eyJlMmJmYjczMC1lY2FhLTExZTYtOGY4OC0zNDM2M2JjN2M0YzAiOnsiY3JlYXRlIjo2MDAwMDAwMDAwMDAsImRlbGV0ZSI6MTIwMDAwMDAwMDAwMH0sInNjaGVtYV92ZXJzaW9uIjoiMSJ9",
          "dependencies": [
            "aws_vpc.main",
            "data.aws_availability_zones.available"
          ]
        }
      ]
    },
    {
      "mode": "managed",
      "type": "aws_subnet",
      "name": "public_b",
      "provider": "provider[\"registry.terraform.io/hashicorp/aws\"]",
      "instances": [
        {
          "schema_version": 1,
          "attributes": {
            "arn": "arn:aws:ec2:us-east-1:706113607058:subnet/subnet-00f2d3e2196ca83f2",
            "assign_ipv6_address_on_creation": false,
            "availability_zone": "us-east-1b",
            "availability_zone_id": "use1-az6",
            "cidr_block": "10.0.2.0/24",
            "customer_owned_ipv4_pool": "",
            "enable_dns64": false,
            "enable_lni_at_device_index": 0,
            "enable_resource_name_dns_a_record_on_launch": false,
            "enable_resource_name_dns_aaaa_record_on_launch": false,
            "id": "subnet-00f2d3e2196ca83f2",
            "ipv6_cidr_block": "",
            "ipv6_cidr_block_association_id": "",
            "ipv6_native": false,
            "map_customer_owned_ip_on_launch": false,
            "map_public_ip_on_launch": true,
            "outpost_arn": "",
            "owner_id": "706113607058",
            "private_dns_hostname_type_on_launch": "ip-name",
            "tags": {
              "Name": "cache-lab-public-b"
            },
            "tags_all": {
              "ManagedBy": "Terraform",
              "Name": "cache-lab-public-b",
              "Project": "cache-lab"
            },
            "timeouts": null,
            "vpc_id": "vpc-0d36d7f188e9ca10e"
          },
          "sensitive_attributes": [],
          "identity_schema_version": 0,
          "private": "eyJlMmJmYjczMC1lY2FhLTExZTYtOGY4OC0zNDM2M2JjN2M0YzAiOnsiY3JlYXRlIjo2MDAwMDAwMDAwMDAsImRlbGV0ZSI6MTIwMDAwMDAwMDAwMH0sInNjaGVtYV92ZXJzaW9uIjoiMSJ9",
          "dependencies": [
            "aws_vpc.main",
            "data.aws_availability_zones.available"
          ]
        }
      ]
    },
    {
      "mode": "managed",
      "type": "aws_vpc",
      "name": "main",
      "provider": "provider[\"registry.terraform.io/hashicorp/aws\"]",
      "instances": [
        {
          "schema_version": 1,
          "attributes": {
            "arn": "arn:aws:ec2:us-east-1:706113607058:vpc/vpc-0d36d7f188e9ca10e",
            "assign_generated_ipv6_cidr_block": false,
            "cidr_block": "10.0.0.0/16",
            "default_network_acl_id": "acl-01770d68dc9e229b0",
            "default_route_table_id": "rtb-0690a38032264d103",
            "default_security_group_id": "sg-03704a9c6d26913b1",
            "dhcp_options_id": "dopt-0b9fca7b637d28c42",
            "enable_dns_hostnames": true,
            "enable_dns_support": true,
            "enable_network_address_usage_metrics": false,
            "id": "vpc-0d36d7f188e9ca10e",
            "instance_tenancy": "default",
            "ipv4_ipam_pool_id": null,
            "ipv4_netmask_length": null,
            "ipv6_association_id": "",
            "ipv6_cidr_block": "",
            "ipv6_cidr_block_network_border_group": "",
            "ipv6_ipam_pool_id": "",
            "ipv6_netmask_length": 0,
            "main_route_table_id": "rtb-0690a38032264d103",
            "owner_id": "706113607058",
            "tags": {
              "Name": "cache-lab-vpc"
            },
            "tags_all": {
              "ManagedBy": "Terraform",
              "Name": "cache-lab-vpc",
              "Project": "cache-lab"
            }
          },
          "sensitive_attributes": [],
          "identity_schema_version": 0,
          "private": "eyJzY2hlbWFfdmVyc2lvbiI6IjEifQ=="
        }
      ]
    },
    {
      "mode": "managed",
      "type": "terraform_data",
      "name": "lambda_dependencies",
      "provider": "provider[\"terraform.io/builtin/terraform\"]",
      "instances": [
        {
          "schema_version": 0,
          "attributes": {
            "id": "31cec50f-711c-77b5-68b9-6e2ffe1bcf28",
            "input": null,
            "output": null,
            "store": null,
            "triggers_replace": {
              "value": [
                "81abbe855cac682ac88773e9e8a9dbbdc63c82f5e5e1d3168550709e95ab93cc",
                "87e75d069e3e3f5a774d960452f5c5f3bc736b46360ccb783dec61a9b63fb722"
              ],
              "type": [
                "tuple",
                [
                  "string",
                  "string"
                ]
              ]
            }
          },
          "sensitive_attributes": [],
          "identity_schema_version": 0
        }
      ]
    }
  ],
  "check_results": null
}
